
Microsoft Visual Studio Solution File, Format Version 12.00
# Visual Studio 15
VisualStudioVersion = 15.0.28010.2003
MinimumVisualStudioVersion = 10.0.40219.1
Project("{F184B08F-C81C-45F6-A57F-5ABD9991F28F}") = "file stuff", "file stuff\file stuff.vbproj", "{D767CABC-C5BB-4C8D-8AB9-F75DC15A3957}"
EndProject
Global
	GlobalSection(SolutionConfigurationPlatforms) = preSolution
		Debug|Any CPU = Debug|Any CPU
		Release|Any CPU = Release|Any CPU
	EndGlobalSection
	GlobalSection(ProjectConfigurationPlatforms) = postSolution
		{D767CABC-C5BB-4C8D-8AB9-F75DC15A3957}.Debug|Any CPU.ActiveCfg = Debug|Any CPU
		{D767CABC-C5BB-4C8D-8AB9-F75DC15A3957}.Debug|Any CPU.Build.0 = Debug|Any CPU
		{D767CABC-C5BB-4C8D-8AB9-F75DC15A3957}.Release|Any CPU.ActiveCfg = Release|Any CPU
		{D767CABC-C5BB-4C8D-8AB9-F75DC15A3957}.Release|Any CPU.Build.0 = Release|Any CPU
	EndGlobalSection
	GlobalSection(SolutionProperties) = preSolution
		HideSolutionNode = FALSE
	EndGlobalSection
	GlobalSection(ExtensibilityGlobals) = postSolution
		SolutionGuid = {20FFAFE5-71CF-4BB8-961A-14F228EA2572}
	EndGlobalSection
EndGlobal
